
Microsoft Visual Studio Solution File, Format Version 12.00
# Visual Studio Version 16
VisualStudioVersion = 16.0.29326.143
MinimumVisualStudioVersion = 15.0.26124.0
Project("{6EC3EE1D-3C4E-46DD-8F32-0CC8E7565705}") = "Mochi.Core", "Mochi.Core\Mochi.Core.fsproj", "{C8853CD9-29E7-4EF8-B9C1-554C604E8193}"
EndProject
Project("{6EC3EE1D-3C4E-46DD-8F32-0CC8E7565705}") = "Mochi.Client", "Mochi.Client\Mochi.Client.fsproj", "{C379D453-F9F0-4484-96B4-47AE07711C42}"
EndProject
Project("{6EC3EE1D-3C4E-46DD-8F32-0CC8E7565705}") = "Mochi.Server", "Mochi.Server\Mochi.Server.fsproj", "{61DA7478-E2F6-4FA1-A630-21C42EE0F1D8}"
EndProject
Project("{6EC3EE1D-3C4E-46DD-8F32-0CC8E7565705}") = "Mochi.Tests", "Mochi.Tests\Mochi.Tests.fsproj", "{5935DDA1-A3AD-42EF-9E5A-B3B3C9C77CFD}"
EndProject
Project("{2150E333-8FDC-42A3-9474-1A3956D46DE8}") = "Plugins", "Plugins", "{37537792-3239-4B5A-9A8A-04239AE9E6E5}"
EndProject
Project("{6EC3EE1D-3C4E-46DD-8F32-0CC8E7565705}") = "Mochi.Plugin.Discord", "Plugins\Mochi.Plugin.Discord\Mochi.Plugin.Discord.fsproj", "{A0DC7B09-83B8-445A-8A36-46F07721B631}"
EndProject
Project("{9A19103F-16F7-4668-BE54-9A1E7A4F7556}") = "Mochi.TestPlugin1", "Plugins\Mochi.TestPlugin1\Mochi.TestPlugin1.csproj", "{9D3A433A-5A41-425A-B0D8-4DAE897A9515}"
EndProject
Project("{6EC3EE1D-3C4E-46DD-8F32-0CC8E7565705}") = "Mochi.Plugins.Types", "Mochi.Plugins.Types\Mochi.Plugins.Types.fsproj", "{61CD3F60-1129-4AAC-B9D5-ACA17801D7E4}"
EndProject
Project("{F2A71F9B-5D33-465A-A702-920D77279786}") = "Mochi.Tests.Plugins", "Mochi.Tests.Plugins\Mochi.Tests.Plugins.fsproj", "{FA8060C0-5A84-40DE-BD67-6D5C49D8C947}"
EndProject
Global
	GlobalSection(SolutionConfigurationPlatforms) = preSolution
		Debug|Any CPU = Debug|Any CPU
		Debug|x64 = Debug|x64
		Debug|x86 = Debug|x86
		Release|Any CPU = Release|Any CPU
		Release|x64 = Release|x64
		Release|x86 = Release|x86
	EndGlobalSection
	GlobalSection(ProjectConfigurationPlatforms) = postSolution
		{C8853CD9-29E7-4EF8-B9C1-554C604E8193}.Debug|Any CPU.ActiveCfg = Debug|Any CPU
		{C8853CD9-29E7-4EF8-B9C1-554C604E8193}.Debug|Any CPU.Build.0 = Debug|Any CPU
		{C8853CD9-29E7-4EF8-B9C1-554C604E8193}.Debug|x64.ActiveCfg = Debug|Any CPU
		{C8853CD9-29E7-4EF8-B9C1-554C604E8193}.Debug|x64.Build.0 = Debug|Any CPU
		{C8853CD9-29E7-4EF8-B9C1-554C604E8193}.Debug|x86.ActiveCfg = Debug|Any CPU
		{C8853CD9-29E7-4EF8-B9C1-554C604E8193}.Debug|x86.Build.0 = Debug|Any CPU
		{C8853CD9-29E7-4EF8-B9C1-554C604E8193}.Release|Any CPU.ActiveCfg = Release|Any CPU
		{C8853CD9-29E7-4EF8-B9C1-554C604E8193}.Release|Any CPU.Build.0 = Release|Any CPU
		{C8853CD9-29E7-4EF8-B9C1-554C604E8193}.Release|x64.ActiveCfg = Release|Any CPU
		{C8853CD9-29E7-4EF8-B9C1-554C604E8193}.Release|x64.Build.0 = Release|Any CPU
		{C8853CD9-29E7-4EF8-B9C1-554C604E8193}.Release|x86.ActiveCfg = Release|Any CPU
		{C8853CD9-29E7-4EF8-B9C1-554C604E8193}.Release|x86.Build.0 = Release|Any CPU
		{C379D453-F9F0-4484-96B4-47AE07711C42}.Debug|Any CPU.ActiveCfg = Debug|Any CPU
		{C379D453-F9F0-4484-96B4-47AE07711C42}.Debug|Any CPU.Build.0 = Debug|Any CPU
		{C379D453-F9F0-4484-96B4-47AE07711C42}.Debug|x64.ActiveCfg = Debug|Any CPU
		{C379D453-F9F0-4484-96B4-47AE07711C42}.Debug|x64.Build.0 = Debug|Any CPU
		{C379D453-F9F0-4484-96B4-47AE07711C42}.Debug|x86.ActiveCfg = Debug|Any CPU
		{C379D453-F9F0-4484-96B4-47AE07711C42}.Debug|x86.Build.0 = Debug|Any CPU
		{C379D453-F9F0-4484-96B4-47AE07711C42}.Release|Any CPU.ActiveCfg = Release|Any CPU
		{C379D453-F9F0-4484-96B4-47AE07711C42}.Release|Any CPU.Build.0 = Release|Any CPU
		{C379D453-F9F0-4484-96B4-47AE07711C42}.Release|x64.ActiveCfg = Release|Any CPU
		{C379D453-F9F0-4484-96B4-47AE07711C42}.Release|x64.Build.0 = Release|Any CPU
		{C379D453-F9F0-4484-96B4-47AE07711C42}.Release|x86.ActiveCfg = Release|Any CPU
		{C379D453-F9F0-4484-96B4-47AE07711C42}.Release|x86.Build.0 = Release|Any CPU
		{61DA7478-E2F6-4FA1-A630-21C42EE0F1D8}.Debug|Any CPU.ActiveCfg = Debug|Any CPU
		{61DA7478-E2F6-4FA1-A630-21C42EE0F1D8}.Debug|Any CPU.Build.0 = Debug|Any CPU
		{61DA7478-E2F6-4FA1-A630-21C42EE0F1D8}.Debug|x64.ActiveCfg = Debug|Any CPU
		{61DA7478-E2F6-4FA1-A630-21C42EE0F1D8}.Debug|x64.Build.0 = Debug|Any CPU
		{61DA7478-E2F6-4FA1-A630-21C42EE0F1D8}.Debug|x86.ActiveCfg = Debug|Any CPU
		{61DA7478-E2F6-4FA1-A630-21C42EE0F1D8}.Debug|x86.Build.0 = Debug|Any CPU
		{61DA7478-E2F6-4FA1-A630-21C42EE0F1D8}.Release|Any CPU.ActiveCfg = Release|Any CPU
		{61DA7478-E2F6-4FA1-A630-21C42EE0F1D8}.Release|Any CPU.Build.0 = Release|Any CPU
		{61DA7478-E2F6-4FA1-A630-21C42EE0F1D8}.Release|x64.ActiveCfg = Release|Any CPU
		{61DA7478-E2F6-4FA1-A630-21C42EE0F1D8}.Release|x64.Build.0 = Release|Any CPU
		{61DA7478-E2F6-4FA1-A630-21C42EE0F1D8}.Release|x86.ActiveCfg = Release|Any CPU
		{61DA7478-E2F6-4FA1-A630-21C42EE0F1D8}.Release|x86.Build.0 = Release|Any CPU
		{5935DDA1-A3AD-42EF-9E5A-B3B3C9C77CFD}.Debug|Any CPU.ActiveCfg = Debug|Any CPU
		{5935DDA1-A3AD-42EF-9E5A-B3B3C9C77CFD}.Debug|Any CPU.Build.0 = Debug|Any CPU
		{5935DDA1-A3AD-42EF-9E5A-B3B3C9C77CFD}.Debug|x64.ActiveCfg = Debug|Any CPU
		{5935DDA1-A3AD-42EF-9E5A-B3B3C9C77CFD}.Debug|x64.Build.0 = Debug|Any CPU
		{5935DDA1-A3AD-42EF-9E5A-B3B3C9C77CFD}.Debug|x86.ActiveCfg = Debug|Any CPU
		{5935DDA1-A3AD-42EF-9E5A-B3B3C9C77CFD}.Debug|x86.Build.0 = Debug|Any CPU
		{5935DDA1-A3AD-42EF-9E5A-B3B3C9C77CFD}.Release|Any CPU.ActiveCfg = Release|Any CPU
		{5935DDA1-A3AD-42EF-9E5A-B3B3C9C77CFD}.Release|Any CPU.Build.0 = Release|Any CPU
		{5935DDA1-A3AD-42EF-9E5A-B3B3C9C77CFD}.Release|x64.ActiveCfg = Release|Any CPU
		{5935DDA1-A3AD-42EF-9E5A-B3B3C9C77CFD}.Release|x64.Build.0 = Release|Any CPU
		{5935DDA1-A3AD-42EF-9E5A-B3B3C9C77CFD}.Release|x86.ActiveCfg = Release|Any CPU
		{5935DDA1-A3AD-42EF-9E5A-B3B3C9C77CFD}.Release|x86.Build.0 = Release|Any CPU
		{A0DC7B09-83B8-445A-8A36-46F07721B631}.Debug|Any CPU.ActiveCfg = Debug|Any CPU
		{A0DC7B09-83B8-445A-8A36-46F07721B631}.Debug|Any CPU.Build.0 = Debug|Any CPU
		{A0DC7B09-83B8-445A-8A36-46F07721B631}.Debug|x64.ActiveCfg = Debug|Any CPU
		{A0DC7B09-83B8-445A-8A36-46F07721B631}.Debug|x64.Build.0 = Debug|Any CPU
		{A0DC7B09-83B8-445A-8A36-46F07721B631}.Debug|x86.ActiveCfg = Debug|Any CPU
		{A0DC7B09-83B8-445A-8A36-46F07721B631}.Debug|x86.Build.0 = Debug|Any CPU
		{A0DC7B09-83B8-445A-8A36-46F07721B631}.Release|Any CPU.ActiveCfg = Release|Any CPU
		{A0DC7B09-83B8-445A-8A36-46F07721B631}.Release|Any CPU.Build.0 = Release|Any CPU
		{A0DC7B09-83B8-445A-8A36-46F07721B631}.Release|x64.ActiveCfg = Release|Any CPU
		{A0DC7B09-83B8-445A-8A36-46F07721B631}.Release|x64.Build.0 = Release|Any CPU
		{A0DC7B09-83B8-445A-8A36-46F07721B631}.Release|x86.ActiveCfg = Release|Any CPU
		{A0DC7B09-83B8-445A-8A36-46F07721B631}.Release|x86.Build.0 = Release|Any CPU
		{9D3A433A-5A41-425A-B0D8-4DAE897A9515}.Debug|Any CPU.ActiveCfg = Debug|Any CPU
		{9D3A433A-5A41-425A-B0D8-4DAE897A9515}.Debug|Any CPU.Build.0 = Debug|Any CPU
		{9D3A433A-5A41-425A-B0D8-4DAE897A9515}.Debug|x64.ActiveCfg = Debug|Any CPU
		{9D3A433A-5A41-425A-B0D8-4DAE897A9515}.Debug|x64.Build.0 = Debug|Any CPU
		{9D3A433A-5A41-425A-B0D8-4DAE897A9515}.Debug|x86.ActiveCfg = Debug|Any CPU
		{9D3A433A-5A41-425A-B0D8-4DAE897A9515}.Debug|x86.Build.0 = Debug|Any CPU
		{9D3A433A-5A41-425A-B0D8-4DAE897A9515}.Release|Any CPU.ActiveCfg = Release|Any CPU
		{9D3A433A-5A41-425A-B0D8-4DAE897A9515}.Release|Any CPU.Build.0 = Release|Any CPU
		{9D3A433A-5A41-425A-B0D8-4DAE897A9515}.Release|x64.ActiveCfg = Release|Any CPU
		{9D3A433A-5A41-425A-B0D8-4DAE897A9515}.Release|x64.Build.0 = Release|Any CPU
		{9D3A433A-5A41-425A-B0D8-4DAE897A9515}.Release|x86.ActiveCfg = Release|Any CPU
		{9D3A433A-5A41-425A-B0D8-4DAE897A9515}.Release|x86.Build.0 = Release|Any CPU
		{61CD3F60-1129-4AAC-B9D5-ACA17801D7E4}.Debug|Any CPU.ActiveCfg = Debug|Any CPU
		{61CD3F60-1129-4AAC-B9D5-ACA17801D7E4}.Debug|Any CPU.Build.0 = Debug|Any CPU
		{61CD3F60-1129-4AAC-B9D5-ACA17801D7E4}.Debug|x64.ActiveCfg = Debug|Any CPU
		{61CD3F60-1129-4AAC-B9D5-ACA17801D7E4}.Debug|x64.Build.0 = Debug|Any CPU
		{61CD3F60-1129-4AAC-B9D5-ACA17801D7E4}.Debug|x86.ActiveCfg = Debug|Any CPU
		{61CD3F60-1129-4AAC-B9D5-ACA17801D7E4}.Debug|x86.Build.0 = Debug|Any CPU
		{61CD3F60-1129-4AAC-B9D5-ACA17801D7E4}.Release|Any CPU.ActiveCfg = Release|Any CPU
		{61CD3F60-1129-4AAC-B9D5-ACA17801D7E4}.Release|Any CPU.Build.0 = Release|Any CPU
		{61CD3F60-1129-4AAC-B9D5-ACA17801D7E4}.Release|x64.ActiveCfg = Release|Any CPU
		{61CD3F60-1129-4AAC-B9D5-ACA17801D7E4}.Release|x64.Build.0 = Release|Any CPU
		{61CD3F60-1129-4AAC-B9D5-ACA17801D7E4}.Release|x86.ActiveCfg = Release|Any CPU
		{61CD3F60-1129-4AAC-B9D5-ACA17801D7E4}.Release|x86.Build.0 = Release|Any CPU
		{FA8060C0-5A84-40DE-BD67-6D5C49D8C947}.Debug|Any CPU.ActiveCfg = Debug|Any CPU
		{FA8060C0-5A84-40DE-BD67-6D5C49D8C947}.Debug|Any CPU.Build.0 = Debug|Any CPU
		{FA8060C0-5A84-40DE-BD67-6D5C49D8C947}.Debug|x64.ActiveCfg = Debug|Any CPU
		{FA8060C0-5A84-40DE-BD67-6D5C49D8C947}.Debug|x64.Build.0 = Debug|Any CPU
		{FA8060C0-5A84-40DE-BD67-6D5C49D8C947}.Debug|x86.ActiveCfg = Debug|Any CPU
		{FA8060C0-5A84-40DE-BD67-6D5C49D8C947}.Debug|x86.Build.0 = Debug|Any CPU
		{FA8060C0-5A84-40DE-BD67-6D5C49D8C947}.Release|Any CPU.ActiveCfg = Release|Any CPU
		{FA8060C0-5A84-40DE-BD67-6D5C49D8C947}.Release|Any CPU.Build.0 = Release|Any CPU
		{FA8060C0-5A84-40DE-BD67-6D5C49D8C947}.Release|x64.ActiveCfg = Release|Any CPU
		{FA8060C0-5A84-40DE-BD67-6D5C49D8C947}.Release|x64.Build.0 = Release|Any CPU
		{FA8060C0-5A84-40DE-BD67-6D5C49D8C947}.Release|x86.ActiveCfg = Release|Any CPU
		{FA8060C0-5A84-40DE-BD67-6D5C49D8C947}.Release|x86.Build.0 = Release|Any CPU
	EndGlobalSection
	GlobalSection(SolutionProperties) = preSolution
		HideSolutionNode = FALSE
	EndGlobalSection
	GlobalSection(NestedProjects) = preSolution
		{A0DC7B09-83B8-445A-8A36-46F07721B631} = {37537792-3239-4B5A-9A8A-04239AE9E6E5}
		{9D3A433A-5A41-425A-B0D8-4DAE897A9515} = {37537792-3239-4B5A-9A8A-04239AE9E6E5}
	EndGlobalSection
	GlobalSection(ExtensibilityGlobals) = postSolution
		SolutionGuid = {D5BDEB67-1F78-4D85-878F-D44E7C259499}
	EndGlobalSection
EndGlobal
